
Microsoft Visual Studio Solution File, Format Version 12.00
# Visual Studio Version 16
VisualStudioVersion = 16.0.29709.97
MinimumVisualStudioVersion = 10.0.40219.1
Project("{FAE04EC0-301F-11D3-BF4B-00C04F79EFBC}") = "CSharpHtmlTask", "CSharpHtmlTask\CSharpHtmlTask.csproj", "{0FAEF260-D134-473C-8523-452632BCC2B9}"
EndProject
Project("{FAE04EC0-301F-11D3-BF4B-00C04F79EFBC}") = "CSharpCSSTextTask", "CSharpCSSTextTask\CSharpCSSTextTask.csproj", "{385960CF-40BF-4646-BB0D-B95B3FF024D5}"
EndProject
Global
	GlobalSection(SolutionConfigurationPlatforms) = preSolution
		Debug|Any CPU = Debug|Any CPU
		Release|Any CPU = Release|Any CPU
	EndGlobalSection
	GlobalSection(ProjectConfigurationPlatforms) = postSolution
		{0FAEF260-D134-473C-8523-452632BCC2B9}.Debug|Any CPU.ActiveCfg = Debug|Any CPU
		{0FAEF260-D134-473C-8523-452632BCC2B9}.Debug|Any CPU.Build.0 = Debug|Any CPU
		{0FAEF260-D134-473C-8523-452632BCC2B9}.Release|Any CPU.ActiveCfg = Release|Any CPU
		{0FAEF260-D134-473C-8523-452632BCC2B9}.Release|Any CPU.Build.0 = Release|Any CPU
		{385960CF-40BF-4646-BB0D-B95B3FF024D5}.Debug|Any CPU.ActiveCfg = Debug|Any CPU
		{385960CF-40BF-4646-BB0D-B95B3FF024D5}.Debug|Any CPU.Build.0 = Debug|Any CPU
		{385960CF-40BF-4646-BB0D-B95B3FF024D5}.Release|Any CPU.ActiveCfg = Release|Any CPU
		{385960CF-40BF-4646-BB0D-B95B3FF024D5}.Release|Any CPU.Build.0 = Release|Any CPU
	EndGlobalSection
	GlobalSection(SolutionProperties) = preSolution
		HideSolutionNode = FALSE
	EndGlobalSection
	GlobalSection(ExtensibilityGlobals) = postSolution
		SolutionGuid = {1696225E-BB45-496C-A39B-A296D8FF8A0E}
	EndGlobalSection
EndGlobal
